
Microsoft Visual Studio Solution File, Format Version 12.00
# Visual Studio Version 16
VisualStudioVersion = 16.0.31624.102
MinimumVisualStudioVersion = 10.0.40219.1
Project("{FAE04EC0-301F-11D3-BF4B-00C04F79EFBC}") = "CalculatorCSharp", "CalculatorCSharp\CalculatorCSharp.csproj", "{C5E77AEB-A1BB-4EB1-B366-87A8C0AF70C8}"
EndProject
Global
	GlobalSection(SolutionConfigurationPlatforms) = preSolution
		Debug|Any CPU = Debug|Any CPU
		Release|Any CPU = Release|Any CPU
	EndGlobalSection
	GlobalSection(ProjectConfigurationPlatforms) = postSolution
		{C5E77AEB-A1BB-4EB1-B366-87A8C0AF70C8}.Debug|Any CPU.ActiveCfg = Debug|Any CPU
		{C5E77AEB-A1BB-4EB1-B366-87A8C0AF70C8}.Debug|Any CPU.Build.0 = Debug|Any CPU
		{C5E77AEB-A1BB-4EB1-B366-87A8C0AF70C8}.Release|Any CPU.ActiveCfg = Release|Any CPU
		{C5E77AEB-A1BB-4EB1-B366-87A8C0AF70C8}.Release|Any CPU.Build.0 = Release|Any CPU
	EndGlobalSection
	GlobalSection(SolutionProperties) = preSolution
		HideSolutionNode = FALSE
	EndGlobalSection
	GlobalSection(ExtensibilityGlobals) = postSolution
		SolutionGuid = {3908CF4C-F96D-489D-98B9-5C1A73D40700}
	EndGlobalSection
EndGlobal
